
Microsoft Visual Studio Solution File, Format Version 12.00
# Visual Studio 15
VisualStudioVersion = 15.0.26730.10
MinimumVisualStudioVersion = 10.0.40219.1
Project("{FAE04EC0-301F-11D3-BF4B-00C04F79EFBC}") = "MFA.ServiceBus.Kafka", "MFA.ServiceBus.Kafka\MFA.ServiceBus.Kafka.csproj", "{A39A49D4-A4E9-4102-8F24-7FDEFA61EC31}"
EndProject
Project("{FAE04EC0-301F-11D3-BF4B-00C04F79EFBC}") = "MFA.ServiceBus", "MFA.ServiceBus\MFA.ServiceBus.csproj", "{7B831EFD-D2CA-4124-BF13-04117E350FAC}"
EndProject
Project("{FAE04EC0-301F-11D3-BF4B-00C04F79EFBC}") = "MFA.Producer.WebAPI", "MFA.Producer.WebAPI\MFA.Producer.WebAPI.csproj", "{F57B2004-8554-40BB-990B-C0879F7015FB}"
EndProject
Project("{E53339B2-1760-4266-BCC7-CA923CBCF16C}") = "docker-compose", "docker-compose.dcproj", "{27E98A03-57C6-4F32-9C86-D28A12F82145}"
EndProject
Project("{FAE04EC0-301F-11D3-BF4B-00C04F79EFBC}") = "MFA.Producer.IoC", "MFA.Producer.IoC\MFA.Producer.IoC.csproj", "{90B12CA5-13CF-4D31-94A6-826254BBB054}"
EndProject
Project("{FAE04EC0-301F-11D3-BF4B-00C04F79EFBC}") = "MFA.Producer.Application", "MFA.Producer.Application\MFA.Producer.Application.csproj", "{E772B7CB-2573-4560-BB8B-A4EC53210185}"
EndProject
Project("{FAE04EC0-301F-11D3-BF4B-00C04F79EFBC}") = "MFA.Infrastructure", "MFA.Infrastructure\MFA.Infrastructure.csproj", "{40E3A1CE-FC85-4531-83C7-077C7772C266}"
EndProject
Project("{FAE04EC0-301F-11D3-BF4B-00C04F79EFBC}") = "MFA.Domain.UnitTests", "MFA.Domain.UnitTests\MFA.Domain.UnitTests.csproj", "{647BBFC1-C548-4907-AFF8-8D7793732143}"
EndProject
Project("{FAE04EC0-301F-11D3-BF4B-00C04F79EFBC}") = "MFA.Consumer.IoC", "MFA.Consumer.IoC\MFA.Consumer.IoC.csproj", "{083193E0-4BBE-42DA-8D7B-474EA499C979}"
EndProject
Project("{FAE04EC0-301F-11D3-BF4B-00C04F79EFBC}") = "MFA.Consumer.Console", "MFA.Consumer.Console\MFA.Consumer.Console.csproj", "{9F6384A1-FFAA-4290-A405-6CA7A6482387}"
EndProject
Project("{FAE04EC0-301F-11D3-BF4B-00C04F79EFBC}") = "MFA.Consumer.Application", "MFA.Consumer.Application\MFA.Consumer.Application.csproj", "{468DF4C2-C5B3-426E-99BD-EEFDDF1681BC}"
EndProject
Project("{FAE04EC0-301F-11D3-BF4B-00C04F79EFBC}") = "MFA.Domain", "MFA.Domain\MFA.Domain.csproj", "{3B7DA659-F2A8-4832-B880-9A3C5309196A}"
EndProject
Project("{2150E333-8FDC-42A3-9474-1A3956D46DE8}") = "Auth", "Auth", "{C2F0B78A-BF88-4DD1-9B4B-874BB33C7E68}"
EndProject
Project("{2150E333-8FDC-42A3-9474-1A3956D46DE8}") = "Consumer", "Consumer", "{142FE9D1-074A-4CB2-B526-815BE7E95958}"
EndProject
Project("{2150E333-8FDC-42A3-9474-1A3956D46DE8}") = "Producer", "Producer", "{CB334C57-772E-42A8-B1A3-3C24ACB776A7}"
EndProject
Project("{2150E333-8FDC-42A3-9474-1A3956D46DE8}") = "ServiceBus", "ServiceBus", "{7D2E2653-DF32-418A-93B0-C39133B6F2A6}"
EndProject
Project("{2150E333-8FDC-42A3-9474-1A3956D46DE8}") = "Tests", "Tests", "{8A599BBC-66D8-4560-AA1C-1403BDDB7701}"
EndProject
Project("{FAE04EC0-301F-11D3-BF4B-00C04F79EFBC}") = "MFA.Auth.WebAPI", "MFA.Auth.WebAPI\MFA.Auth.WebAPI.csproj", "{CAB1C0EB-11F4-4752-A30A-7003FB906C38}"
EndProject
Project("{FAE04EC0-301F-11D3-BF4B-00C04F79EFBC}") = "MFA.Auth.IoC", "MFA.Auth.IoC\MFA.Auth.IoC.csproj", "{1BD3BC3A-AB20-4AF1-A59B-1934806CC8D0}"
EndProject
Project("{FAE04EC0-301F-11D3-BF4B-00C04F79EFBC}") = "MFA.Auth.Application", "MFA.Auth.Application\MFA.Auth.Application.csproj", "{C1D77FDF-49FD-4997-A24F-10B881ECDA30}"
EndProject
Global
	GlobalSection(SolutionConfigurationPlatforms) = preSolution
		Debug|Any CPU = Debug|Any CPU
		Release|Any CPU = Release|Any CPU
	EndGlobalSection
	GlobalSection(ProjectConfigurationPlatforms) = postSolution
		{A39A49D4-A4E9-4102-8F24-7FDEFA61EC31}.Debug|Any CPU.ActiveCfg = Debug|Any CPU
		{A39A49D4-A4E9-4102-8F24-7FDEFA61EC31}.Debug|Any CPU.Build.0 = Debug|Any CPU
		{A39A49D4-A4E9-4102-8F24-7FDEFA61EC31}.Release|Any CPU.ActiveCfg = Release|Any CPU
		{A39A49D4-A4E9-4102-8F24-7FDEFA61EC31}.Release|Any CPU.Build.0 = Release|Any CPU
		{7B831EFD-D2CA-4124-BF13-04117E350FAC}.Debug|Any CPU.ActiveCfg = Debug|Any CPU
		{7B831EFD-D2CA-4124-BF13-04117E350FAC}.Debug|Any CPU.Build.0 = Debug|Any CPU
		{7B831EFD-D2CA-4124-BF13-04117E350FAC}.Release|Any CPU.ActiveCfg = Release|Any CPU
		{7B831EFD-D2CA-4124-BF13-04117E350FAC}.Release|Any CPU.Build.0 = Release|Any CPU
		{F57B2004-8554-40BB-990B-C0879F7015FB}.Debug|Any CPU.ActiveCfg = Debug|Any CPU
		{F57B2004-8554-40BB-990B-C0879F7015FB}.Debug|Any CPU.Build.0 = Debug|Any CPU
		{F57B2004-8554-40BB-990B-C0879F7015FB}.Release|Any CPU.ActiveCfg = Release|Any CPU
		{F57B2004-8554-40BB-990B-C0879F7015FB}.Release|Any CPU.Build.0 = Release|Any CPU
		{27E98A03-57C6-4F32-9C86-D28A12F82145}.Debug|Any CPU.ActiveCfg = Debug|Any CPU
		{27E98A03-57C6-4F32-9C86-D28A12F82145}.Debug|Any CPU.Build.0 = Debug|Any CPU
		{27E98A03-57C6-4F32-9C86-D28A12F82145}.Release|Any CPU.ActiveCfg = Release|Any CPU
		{27E98A03-57C6-4F32-9C86-D28A12F82145}.Release|Any CPU.Build.0 = Release|Any CPU
		{90B12CA5-13CF-4D31-94A6-826254BBB054}.Debug|Any CPU.ActiveCfg = Debug|Any CPU
		{90B12CA5-13CF-4D31-94A6-826254BBB054}.Debug|Any CPU.Build.0 = Debug|Any CPU
		{90B12CA5-13CF-4D31-94A6-826254BBB054}.Release|Any CPU.ActiveCfg = Release|Any CPU
		{90B12CA5-13CF-4D31-94A6-826254BBB054}.Release|Any CPU.Build.0 = Release|Any CPU
		{E772B7CB-2573-4560-BB8B-A4EC53210185}.Debug|Any CPU.ActiveCfg = Debug|Any CPU
		{E772B7CB-2573-4560-BB8B-A4EC53210185}.Debug|Any CPU.Build.0 = Debug|Any CPU
		{E772B7CB-2573-4560-BB8B-A4EC53210185}.Release|Any CPU.ActiveCfg = Release|Any CPU
		{E772B7CB-2573-4560-BB8B-A4EC53210185}.Release|Any CPU.Build.0 = Release|Any CPU
		{40E3A1CE-FC85-4531-83C7-077C7772C266}.Debug|Any CPU.ActiveCfg = Debug|Any CPU
		{40E3A1CE-FC85-4531-83C7-077C7772C266}.Debug|Any CPU.Build.0 = Debug|Any CPU
		{40E3A1CE-FC85-4531-83C7-077C7772C266}.Release|Any CPU.ActiveCfg = Release|Any CPU
		{40E3A1CE-FC85-4531-83C7-077C7772C266}.Release|Any CPU.Build.0 = Release|Any CPU
		{647BBFC1-C548-4907-AFF8-8D7793732143}.Debug|Any CPU.ActiveCfg = Debug|Any CPU
		{647BBFC1-C548-4907-AFF8-8D7793732143}.Debug|Any CPU.Build.0 = Debug|Any CPU
		{647BBFC1-C548-4907-AFF8-8D7793732143}.Release|Any CPU.ActiveCfg = Release|Any CPU
		{647BBFC1-C548-4907-AFF8-8D7793732143}.Release|Any CPU.Build.0 = Release|Any CPU
		{083193E0-4BBE-42DA-8D7B-474EA499C979}.Debug|Any CPU.ActiveCfg = Debug|Any CPU
		{083193E0-4BBE-42DA-8D7B-474EA499C979}.Debug|Any CPU.Build.0 = Debug|Any CPU
		{083193E0-4BBE-42DA-8D7B-474EA499C979}.Release|Any CPU.ActiveCfg = Release|Any CPU
		{083193E0-4BBE-42DA-8D7B-474EA499C979}.Release|Any CPU.Build.0 = Release|Any CPU
		{9F6384A1-FFAA-4290-A405-6CA7A6482387}.Debug|Any CPU.ActiveCfg = Debug|Any CPU
		{9F6384A1-FFAA-4290-A405-6CA7A6482387}.Debug|Any CPU.Build.0 = Debug|Any CPU
		{9F6384A1-FFAA-4290-A405-6CA7A6482387}.Release|Any CPU.ActiveCfg = Release|Any CPU
		{9F6384A1-FFAA-4290-A405-6CA7A6482387}.Release|Any CPU.Build.0 = Release|Any CPU
		{468DF4C2-C5B3-426E-99BD-EEFDDF1681BC}.Debug|Any CPU.ActiveCfg = Debug|Any CPU
		{468DF4C2-C5B3-426E-99BD-EEFDDF1681BC}.Debug|Any CPU.Build.0 = Debug|Any CPU
		{468DF4C2-C5B3-426E-99BD-EEFDDF1681BC}.Release|Any CPU.ActiveCfg = Release|Any CPU
		{468DF4C2-C5B3-426E-99BD-EEFDDF1681BC}.Release|Any CPU.Build.0 = Release|Any CPU
		{3B7DA659-F2A8-4832-B880-9A3C5309196A}.Debug|Any CPU.ActiveCfg = Debug|Any CPU
		{3B7DA659-F2A8-4832-B880-9A3C5309196A}.Debug|Any CPU.Build.0 = Debug|Any CPU
		{3B7DA659-F2A8-4832-B880-9A3C5309196A}.Release|Any CPU.ActiveCfg = Release|Any CPU
		{3B7DA659-F2A8-4832-B880-9A3C5309196A}.Release|Any CPU.Build.0 = Release|Any CPU
		{CAB1C0EB-11F4-4752-A30A-7003FB906C38}.Debug|Any CPU.ActiveCfg = Debug|Any CPU
		{CAB1C0EB-11F4-4752-A30A-7003FB906C38}.Debug|Any CPU.Build.0 = Debug|Any CPU
		{CAB1C0EB-11F4-4752-A30A-7003FB906C38}.Release|Any CPU.ActiveCfg = Release|Any CPU
		{CAB1C0EB-11F4-4752-A30A-7003FB906C38}.Release|Any CPU.Build.0 = Release|Any CPU
		{1BD3BC3A-AB20-4AF1-A59B-1934806CC8D0}.Debug|Any CPU.ActiveCfg = Debug|Any CPU
		{1BD3BC3A-AB20-4AF1-A59B-1934806CC8D0}.Debug|Any CPU.Build.0 = Debug|Any CPU
		{1BD3BC3A-AB20-4AF1-A59B-1934806CC8D0}.Release|Any CPU.ActiveCfg = Release|Any CPU
		{1BD3BC3A-AB20-4AF1-A59B-1934806CC8D0}.Release|Any CPU.Build.0 = Release|Any CPU
		{C1D77FDF-49FD-4997-A24F-10B881ECDA30}.Debug|Any CPU.ActiveCfg = Debug|Any CPU
		{C1D77FDF-49FD-4997-A24F-10B881ECDA30}.Debug|Any CPU.Build.0 = Debug|Any CPU
		{C1D77FDF-49FD-4997-A24F-10B881ECDA30}.Release|Any CPU.ActiveCfg = Release|Any CPU
		{C1D77FDF-49FD-4997-A24F-10B881ECDA30}.Release|Any CPU.Build.0 = Release|Any CPU
	EndGlobalSection
	GlobalSection(SolutionProperties) = preSolution
		HideSolutionNode = FALSE
	EndGlobalSection
	GlobalSection(NestedProjects) = preSolution
		{A39A49D4-A4E9-4102-8F24-7FDEFA61EC31} = {7D2E2653-DF32-418A-93B0-C39133B6F2A6}
		{7B831EFD-D2CA-4124-BF13-04117E350FAC} = {7D2E2653-DF32-418A-93B0-C39133B6F2A6}
		{F57B2004-8554-40BB-990B-C0879F7015FB} = {CB334C57-772E-42A8-B1A3-3C24ACB776A7}
		{90B12CA5-13CF-4D31-94A6-826254BBB054} = {CB334C57-772E-42A8-B1A3-3C24ACB776A7}
		{E772B7CB-2573-4560-BB8B-A4EC53210185} = {CB334C57-772E-42A8-B1A3-3C24ACB776A7}
		{647BBFC1-C548-4907-AFF8-8D7793732143} = {8A599BBC-66D8-4560-AA1C-1403BDDB7701}
		{083193E0-4BBE-42DA-8D7B-474EA499C979} = {142FE9D1-074A-4CB2-B526-815BE7E95958}
		{9F6384A1-FFAA-4290-A405-6CA7A6482387} = {142FE9D1-074A-4CB2-B526-815BE7E95958}
		{468DF4C2-C5B3-426E-99BD-EEFDDF1681BC} = {142FE9D1-074A-4CB2-B526-815BE7E95958}
		{CAB1C0EB-11F4-4752-A30A-7003FB906C38} = {C2F0B78A-BF88-4DD1-9B4B-874BB33C7E68}
		{1BD3BC3A-AB20-4AF1-A59B-1934806CC8D0} = {C2F0B78A-BF88-4DD1-9B4B-874BB33C7E68}
		{C1D77FDF-49FD-4997-A24F-10B881ECDA30} = {C2F0B78A-BF88-4DD1-9B4B-874BB33C7E68}
	EndGlobalSection
	GlobalSection(ExtensibilityGlobals) = postSolution
		SolutionGuid = {EC646052-2A7D-46AD-A6AC-9F82454009E0}
	EndGlobalSection
EndGlobal
